
Microsoft Visual Studio Solution File, Format Version 12.00
# Visual Studio Version 17
VisualStudioVersion = 17.10.35122.118
MinimumVisualStudioVersion = 10.0.40219.1
Project("{888888A0-9F3D-457C-B088-3A5042F75D52}") = "Zappa", "Zappa\Zappa.pyproj", "{984E7684-CF20-4B4B-92A2-FF2EB502D292}"
EndProject
Global
	GlobalSection(SolutionConfigurationPlatforms) = preSolution
		Debug|Any CPU = Debug|Any CPU
		Release|Any CPU = Release|Any CPU
	EndGlobalSection
	GlobalSection(ProjectConfigurationPlatforms) = postSolution
		{984E7684-CF20-4B4B-92A2-FF2EB502D292}.Debug|Any CPU.ActiveCfg = Debug|Any CPU
		{984E7684-CF20-4B4B-92A2-FF2EB502D292}.Release|Any CPU.ActiveCfg = Release|Any CPU
	EndGlobalSection
	GlobalSection(SolutionProperties) = preSolution
		HideSolutionNode = FALSE
	EndGlobalSection
	GlobalSection(ExtensibilityGlobals) = postSolution
		SolutionGuid = {B4DB897A-72A8-4A61-8431-97876238E029}
	EndGlobalSection
EndGlobal
